
Microsoft Visual Studio Solution File, Format Version 12.00
# Visual Studio 2013
VisualStudioVersion = 12.0.31101.0
MinimumVisualStudioVersion = 10.0.40219.1
Project("{FAE04EC0-301F-11D3-BF4B-00C04F79EFBC}") = "TaskTester", "TaskTester\TaskTester.csproj", "{243AAD11-3A88-4FF1-98B1-23F325EA110F}"
EndProject
Project("{2150E333-8FDC-42A3-9474-1A3956D46DE8}") = ".nuget", ".nuget", "{2B58CB98-5DD5-40DF-9B43-703918FCBE98}"
	ProjectSection(SolutionItems) = preProject
		.nuget\packages.config = .nuget\packages.config
	EndProjectSection
EndProject
Project("{F2A71F9B-5D33-465A-A702-920D77279786}") = "AsyncTesterFsharp", "AsyncTesterFsharp\AsyncTesterFsharp.fsproj", "{BD5DC246-6756-4FD4-808C-6453F3F2F380}"
EndProject
Global
	GlobalSection(SolutionConfigurationPlatforms) = preSolution
		Debug|Any CPU = Debug|Any CPU
		Release|Any CPU = Release|Any CPU
	EndGlobalSection
	GlobalSection(ProjectConfigurationPlatforms) = postSolution
		{243AAD11-3A88-4FF1-98B1-23F325EA110F}.Debug|Any CPU.ActiveCfg = Debug|Any CPU
		{243AAD11-3A88-4FF1-98B1-23F325EA110F}.Debug|Any CPU.Build.0 = Debug|Any CPU
		{243AAD11-3A88-4FF1-98B1-23F325EA110F}.Release|Any CPU.ActiveCfg = Release|Any CPU
		{243AAD11-3A88-4FF1-98B1-23F325EA110F}.Release|Any CPU.Build.0 = Release|Any CPU
		{BD5DC246-6756-4FD4-808C-6453F3F2F380}.Debug|Any CPU.ActiveCfg = Debug|Any CPU
		{BD5DC246-6756-4FD4-808C-6453F3F2F380}.Debug|Any CPU.Build.0 = Debug|Any CPU
		{BD5DC246-6756-4FD4-808C-6453F3F2F380}.Release|Any CPU.ActiveCfg = Release|Any CPU
		{BD5DC246-6756-4FD4-808C-6453F3F2F380}.Release|Any CPU.Build.0 = Release|Any CPU
	EndGlobalSection
	GlobalSection(SolutionProperties) = preSolution
		HideSolutionNode = FALSE
	EndGlobalSection
EndGlobal
